
Microsoft Visual Studio Solution File, Format Version 9.00
# Visual Studio 2005
Project("{FAE04EC0-301F-11D3-BF4B-00C04F79EFBC}") = "Arise", "Arise.csproj", "{EEB17EF1-1C9F-4CA6-B246-93543B5043F8}"
EndProject
Global
	GlobalSection(SolutionConfigurationPlatforms) = preSolution
		Debug|Any CPU = Debug|Any CPU
		Release|Any CPU = Release|Any CPU
	EndGlobalSection
	GlobalSection(ProjectConfigurationPlatforms) = postSolution
		{EEB17EF1-1C9F-4CA6-B246-93543B5043F8}.Debug|Any CPU.ActiveCfg = Debug|Any CPU
		{EEB17EF1-1C9F-4CA6-B246-93543B5043F8}.Debug|Any CPU.Build.0 = Debug|Any CPU
		{EEB17EF1-1C9F-4CA6-B246-93543B5043F8}.Release|Any CPU.ActiveCfg = Release|Any CPU
		{EEB17EF1-1C9F-4CA6-B246-93543B5043F8}.Release|Any CPU.Build.0 = Release|Any CPU
	EndGlobalSection
	GlobalSection(SolutionProperties) = preSolution
		HideSolutionNode = FALSE
	EndGlobalSection
EndGlobal
